
Microsoft Visual Studio Solution File, Format Version 11.00
# Visual Studio 2010
Project("{8BC9CEB8-8B4A-11D0-8D11-00A0C91BC942}") = "EABase", "EABase\EABase.vcxproj", "{F89B0FCB-5A74-4191-AB98-F9B2BF9DAA8B}"
EndProject
Project("{8BC9CEB8-8B4A-11D0-8D11-00A0C91BC942}") = "EASTL", "EASTL\EASTL.vcxproj", "{E1966128-A111-4004-A84B-713C6A3A02FE}"
EndProject
Global
	GlobalSection(SolutionConfigurationPlatforms) = preSolution
		Debug|Win32 = Debug|Win32
		Release|Win32 = Release|Win32
	EndGlobalSection
	GlobalSection(ProjectConfigurationPlatforms) = postSolution
		{F89B0FCB-5A74-4191-AB98-F9B2BF9DAA8B}.Debug|Win32.ActiveCfg = Debug|Win32
		{F89B0FCB-5A74-4191-AB98-F9B2BF9DAA8B}.Debug|Win32.Build.0 = Debug|Win32
		{F89B0FCB-5A74-4191-AB98-F9B2BF9DAA8B}.Release|Win32.ActiveCfg = Release|Win32
		{F89B0FCB-5A74-4191-AB98-F9B2BF9DAA8B}.Release|Win32.Build.0 = Release|Win32
		{E1966128-A111-4004-A84B-713C6A3A02FE}.Debug|Win32.ActiveCfg = Debug|Win32
		{E1966128-A111-4004-A84B-713C6A3A02FE}.Debug|Win32.Build.0 = Debug|Win32
		{E1966128-A111-4004-A84B-713C6A3A02FE}.Release|Win32.ActiveCfg = Release|Win32
		{E1966128-A111-4004-A84B-713C6A3A02FE}.Release|Win32.Build.0 = Release|Win32
	EndGlobalSection
	GlobalSection(SolutionProperties) = preSolution
		HideSolutionNode = FALSE
	EndGlobalSection
EndGlobal
