<?xml version="1.0" encoding="utf-8"?>
<Project ToolsVersion="4.0" xmlns="http://schemas.microsoft.com/developer/msbuild/2003">
  <ItemGroup>
    <Filter Include="ソース ファイル">
      <UniqueIdentifier>{4FC737F1-C7A5-4376-A066-2A32D752A2FF}</UniqueIdentifier>
      <Extensions>cpp;c;cc;cxx;def;odl;idl;hpj;bat;asm;asmx</Extensions>
    </Filter>
    <Filter Include="ヘッダー ファイル">
      <UniqueIdentifier>{93995380-89BD-4b04-88EB-625FBE52EBFB}</UniqueIdentifier>
      <Extensions>h;hpp;hxx;hm;inl;inc;xsd</Extensions>
    </Filter>
    <Filter Include="リソース ファイル">
      <UniqueIdentifier>{67DA6AB6-F800-4c08-8B7A-83BB121AAD01}</UniqueIdentifier>
      <Extensions>rc;ico;cur;bmp;dlg;rc2;rct;bin;rgs;gif;jpg;jpeg;jpe;resx;tiff;tif;png;wav;mfcribbon-ms</Extensions>
    </Filter>
    <Filter Include="ヘッダー ファイル\EASTL">
      <UniqueIdentifier>{868fbd2d-adaa-4180-b73a-2292e1feab0f}</UniqueIdentifier>
    </Filter>
    <Filter Include="ヘッダー ファイル\EASTL\bonus">
      <UniqueIdentifier>{216d712b-3230-4c4e-ad34-f286c561d512}</UniqueIdentifier>
    </Filter>
    <Filter Include="ヘッダー ファイル\EASTL\internal">
      <UniqueIdentifier>{9d853fcb-fb7a-4497-9fbb-94ca403472ac}</UniqueIdentifier>
    </Filter>
    <Filter Include="ソース ファイル\EASTL">
      <UniqueIdentifier>{cc2904c5-af1d-4042-af5d-d9b64a7ab796}</UniqueIdentifier>
    </Filter>
  </ItemGroup>
  <ItemGroup>
    <ClInclude Include="..\..\..\..\SupportPackage\EASTLEAWebKit\local\include\EASTL\bonus\sort_extra.h">
      <Filter>ヘッダー ファイル\EASTL\bonus</Filter>
    </ClInclude>
    <ClInclude Include="..\..\..\..\SupportPackage\EASTLEAWebKit\local\include\EASTL\internal\config.h">
      <Filter>ヘッダー ファイル\EASTL\internal</Filter>
    </ClInclude>
    <ClInclude Include="..\..\..\..\SupportPackage\EASTLEAWebKit\local\include\EASTL\internal\eastl_rw.h">
      <Filter>ヘッダー ファイル\EASTL\internal</Filter>
    </ClInclude>
    <ClInclude Include="..\..\..\..\SupportPackage\EASTLEAWebKit\local\include\EASTL\internal\fixed_pool.h">
      <Filter>ヘッダー ファイル\EASTL\internal</Filter>
    </ClInclude>
    <ClInclude Include="..\..\..\..\SupportPackage\EASTLEAWebKit\local\include\EASTL\internal\generic_iterator.h">
      <Filter>ヘッダー ファイル\EASTL\internal</Filter>
    </ClInclude>
    <ClInclude Include="..\..\..\..\SupportPackage\EASTLEAWebKit\local\include\EASTL\internal\hashtable.h">
      <Filter>ヘッダー ファイル\EASTL\internal</Filter>
    </ClInclude>
    <ClInclude Include="..\..\..\..\SupportPackage\EASTLEAWebKit\local\include\EASTL\internal\red_black_tree.h">
      <Filter>ヘッダー ファイル\EASTL\internal</Filter>
    </ClInclude>
    <ClInclude Include="..\..\..\..\SupportPackage\EASTLEAWebKit\local\include\EASTL\internal\type_compound.h">
      <Filter>ヘッダー ファイル\EASTL\internal</Filter>
    </ClInclude>
    <ClInclude Include="..\..\..\..\SupportPackage\EASTLEAWebKit\local\include\EASTL\internal\type_fundamental.h">
      <Filter>ヘッダー ファイル\EASTL\internal</Filter>
    </ClInclude>
    <ClInclude Include="..\..\..\..\SupportPackage\EASTLEAWebKit\local\include\EASTL\internal\type_pod.h">
      <Filter>ヘッダー ファイル\EASTL\internal</Filter>
    </ClInclude>
    <ClInclude Include="..\..\..\..\SupportPackage\EASTLEAWebKit\local\include\EASTL\internal\type_properties.h">
      <Filter>ヘッダー ファイル\EASTL\internal</Filter>
    </ClInclude>
    <ClInclude Include="..\..\..\..\SupportPackage\EASTLEAWebKit\local\include\EASTL\internal\type_transformations.h">
      <Filter>ヘッダー ファイル\EASTL\internal</Filter>
    </ClInclude>
    <ClInclude Include="..\..\..\..\SupportPackage\EASTLEAWebKit\local\include\EASTL\algorithm.h">
      <Filter>ヘッダー ファイル\EASTL</Filter>
    </ClInclude>
    <ClInclude Include="..\..\..\..\SupportPackage\EASTLEAWebKit\local\include\EASTL\allocator.h">
      <Filter>ヘッダー ファイル\EASTL</Filter>
    </ClInclude>
    <ClInclude Include="..\..\..\..\SupportPackage\EASTLEAWebKit\local\include\EASTL\bitset.h">
      <Filter>ヘッダー ファイル\EASTL</Filter>
    </ClInclude>
    <ClInclude Include="..\..\..\..\SupportPackage\EASTLEAWebKit\local\include\EASTL\core_allocator_adapter.h">
      <Filter>ヘッダー ファイル\EASTL</Filter>
    </ClInclude>
    <ClInclude Include="..\..\..\..\SupportPackage\EASTLEAWebKit\local\include\EASTL\fixed_allocator.h">
      <Filter>ヘッダー ファイル\EASTL</Filter>
    </ClInclude>
    <ClInclude Include="..\..\..\..\SupportPackage\EASTLEAWebKit\local\include\EASTL\fixed_hash_map.h">
      <Filter>ヘッダー ファイル\EASTL</Filter>
    </ClInclude>
    <ClInclude Include="..\..\..\..\SupportPackage\EASTLEAWebKit\local\include\EASTL\fixed_hash_set.h">
      <Filter>ヘッダー ファイル\EASTL</Filter>
    </ClInclude>
    <ClInclude Include="..\..\..\..\SupportPackage\EASTLEAWebKit\local\include\EASTL\fixed_list.h">
      <Filter>ヘッダー ファイル\EASTL</Filter>
    </ClInclude>
    <ClInclude Include="..\..\..\..\SupportPackage\EASTLEAWebKit\local\include\EASTL\fixed_map.h">
      <Filter>ヘッダー ファイル\EASTL</Filter>
    </ClInclude>
    <ClInclude Include="..\..\..\..\SupportPackage\EASTLEAWebKit\local\include\EASTL\fixed_set.h">
      <Filter>ヘッダー ファイル\EASTL</Filter>
    </ClInclude>
    <ClInclude Include="..\..\..\..\SupportPackage\EASTLEAWebKit\local\include\EASTL\fixed_string.h">
      <Filter>ヘッダー ファイル\EASTL</Filter>
    </ClInclude>
    <ClInclude Include="..\..\..\..\SupportPackage\EASTLEAWebKit\local\include\EASTL\fixed_substring.h">
      <Filter>ヘッダー ファイル\EASTL</Filter>
    </ClInclude>
    <ClInclude Include="..\..\..\..\SupportPackage\EASTLEAWebKit\local\include\EASTL\fixed_vector.h">
      <Filter>ヘッダー ファイル\EASTL</Filter>
    </ClInclude>
    <ClInclude Include="..\..\..\..\SupportPackage\EASTLEAWebKit\local\include\EASTL\functional.h">
      <Filter>ヘッダー ファイル\EASTL</Filter>
    </ClInclude>
    <ClInclude Include="..\..\..\..\SupportPackage\EASTLEAWebKit\local\include\EASTL\hash_map.h">
      <Filter>ヘッダー ファイル\EASTL</Filter>
    </ClInclude>
    <ClInclude Include="..\..\..\..\SupportPackage\EASTLEAWebKit\local\include\EASTL\hash_set.h">
      <Filter>ヘッダー ファイル\EASTL</Filter>
    </ClInclude>
    <ClInclude Include="..\..\..\..\SupportPackage\EASTLEAWebKit\local\include\EASTL\heap.h">
      <Filter>ヘッダー ファイル\EASTL</Filter>
    </ClInclude>
    <ClInclude Include="..\..\..\..\SupportPackage\EASTLEAWebKit\local\include\EASTL\iterator.h">
      <Filter>ヘッダー ファイル\EASTL</Filter>
    </ClInclude>
    <ClInclude Include="..\..\..\..\SupportPackage\EASTLEAWebKit\local\include\EASTL\list.h">
      <Filter>ヘッダー ファイル\EASTL</Filter>
    </ClInclude>
    <ClInclude Include="..\..\..\..\SupportPackage\EASTLEAWebKit\local\include\EASTL\map.h">
      <Filter>ヘッダー ファイル\EASTL</Filter>
    </ClInclude>
    <ClInclude Include="..\..\..\..\SupportPackage\EASTLEAWebKit\local\include\EASTL\memory.h">
      <Filter>ヘッダー ファイル\EASTL</Filter>
    </ClInclude>
    <ClInclude Include="..\..\..\..\SupportPackage\EASTLEAWebKit\local\include\EASTL\set.h">
      <Filter>ヘッダー ファイル\EASTL</Filter>
    </ClInclude>
    <ClInclude Include="..\..\..\..\SupportPackage\EASTLEAWebKit\local\include\EASTL\sort.h">
      <Filter>ヘッダー ファイル\EASTL</Filter>
    </ClInclude>
    <ClInclude Include="..\..\..\..\SupportPackage\EASTLEAWebKit\local\include\EASTL\string.h">
      <Filter>ヘッダー ファイル\EASTL</Filter>
    </ClInclude>
    <ClInclude Include="..\..\..\..\SupportPackage\EASTLEAWebKit\local\include\EASTL\type_traits.h">
      <Filter>ヘッダー ファイル\EASTL</Filter>
    </ClInclude>
    <ClInclude Include="..\..\..\..\SupportPackage\EASTLEAWebKit\local\include\EASTL\utility.h">
      <Filter>ヘッダー ファイル\EASTL</Filter>
    </ClInclude>
    <ClInclude Include="..\..\..\..\SupportPackage\EASTLEAWebKit\local\include\EASTL\vector.h">
      <Filter>ヘッダー ファイル\EASTL</Filter>
    </ClInclude>
  </ItemGroup>
  <ItemGroup>
    <ClCompile Include="..\..\..\..\SupportPackage\EASTLEAWebKit\local\source\allocator.cpp">
      <Filter>ソース ファイル\EASTL</Filter>
    </ClCompile>
    <ClCompile Include="..\..\..\..\SupportPackage\EASTLEAWebKit\local\source\assert.cpp">
      <Filter>ソース ファイル\EASTL</Filter>
    </ClCompile>
    <ClCompile Include="..\..\..\..\SupportPackage\EASTLEAWebKit\local\source\fixed_pool.cpp">
      <Filter>ソース ファイル\EASTL</Filter>
    </ClCompile>
    <ClCompile Include="..\..\..\..\SupportPackage\EASTLEAWebKit\local\source\hashtable.cpp">
      <Filter>ソース ファイル\EASTL</Filter>
    </ClCompile>
    <ClCompile Include="..\..\..\..\SupportPackage\EASTLEAWebKit\local\source\red_black_tree.cpp">
      <Filter>ソース ファイル\EASTL</Filter>
    </ClCompile>
    <ClCompile Include="..\..\..\..\SupportPackage\EASTLEAWebKit\local\source\string.cpp">
      <Filter>ソース ファイル\EASTL</Filter>
    </ClCompile>
    <ClCompile Include="main.cpp">
      <Filter>ソース ファイル</Filter>
    </ClCompile>
    <ClCompile Include="allocator.cpp">
      <Filter>ソース ファイル</Filter>
    </ClCompile>
  </ItemGroup>
</Project>